
Microsoft Visual Studio Solution File, Format Version 12.00
# Visual Studio Version 17
VisualStudioVersion = 17.14.36109.1 d17.14
MinimumVisualStudioVersion = 10.0.40219.1
Project("{FAE04EC0-301F-11D3-BF4B-00C04F79EFBC}") = "OrderManagement.API", "OrderManagement.API\OrderManagement.API.csproj", "{F10CAD2B-6732-4591-AB49-03B902508881}"
EndProject
Project("{FAE04EC0-301F-11D3-BF4B-00C04F79EFBC}") = "OrderManagement.Tests", "OrderManagement.Tests\OrderManagement.Tests.csproj", "{189C60EC-AF76-4E5D-9E10-ABB155B009A7}"
EndProject
Global
	GlobalSection(SolutionConfigurationPlatforms) = preSolution
		Debug|Any CPU = Debug|Any CPU
		Release|Any CPU = Release|Any CPU
	EndGlobalSection
	GlobalSection(ProjectConfigurationPlatforms) = postSolution
		{F10CAD2B-6732-4591-AB49-03B902508881}.Debug|Any CPU.ActiveCfg = Debug|Any CPU
		{F10CAD2B-6732-4591-AB49-03B902508881}.Debug|Any CPU.Build.0 = Debug|Any CPU
		{F10CAD2B-6732-4591-AB49-03B902508881}.Release|Any CPU.ActiveCfg = Release|Any CPU
		{F10CAD2B-6732-4591-AB49-03B902508881}.Release|Any CPU.Build.0 = Release|Any CPU
		{189C60EC-AF76-4E5D-9E10-ABB155B009A7}.Debug|Any CPU.ActiveCfg = Debug|Any CPU
		{189C60EC-AF76-4E5D-9E10-ABB155B009A7}.Debug|Any CPU.Build.0 = Debug|Any CPU
		{189C60EC-AF76-4E5D-9E10-ABB155B009A7}.Release|Any CPU.ActiveCfg = Release|Any CPU
		{189C60EC-AF76-4E5D-9E10-ABB155B009A7}.Release|Any CPU.Build.0 = Release|Any CPU
	EndGlobalSection
	GlobalSection(SolutionProperties) = preSolution
		HideSolutionNode = FALSE
	EndGlobalSection
	GlobalSection(ExtensibilityGlobals) = postSolution
		SolutionGuid = {0CD37374-DD88-4CCB-A86B-243601C0F757}
	EndGlobalSection
EndGlobal
